// !$*UTF8*$!
{
	archiveVersion = 1;
	classes = {
	};
	objectVersion = 46;
	objects = {

/* Begin PBXBuildFile section */
		38107E98195C8AB4009410F2 /* Bottom_Scroller.png in Resources */ = {isa = PBXBuildFile; fileRef = 38107E8E195C8AB4009410F2 /* Bottom_Scroller.png */; };
		38107E99195C8AB4009410F2 /* Day_Background.png in Resources */ = {isa = PBXBuildFile; fileRef = 38107E8F195C8AB4009410F2 /* Day_Background.png */; };
		38107E9A195C8AB4009410F2 /* Downward_Green_Pipe.png in Resources */ = {isa = PBXBuildFile; fileRef = 38107E90195C8AB4009410F2 /* Downward_Green_Pipe.png */; };
		38107E9B195C8AB4009410F2 /* Game_Over.png in Resources */ = {isa = PBXBuildFile; fileRef = 38107E91195C8AB4009410F2 /* Game_Over.png */; };
		38107E9C195C8AB4009410F2 /* Night_Background.png in Resources */ = {isa = PBXBuildFile; fileRef = 38107E92195C8AB4009410F2 /* Night_Background.png */; };
		38107E9D195C8AB4009410F2 /* Play_Button.png in Resources */ = {isa = PBXBuildFile; fileRef = 38107E93195C8AB4009410F2 /* Play_Button.png */; };
		38107E9E195C8AB4009410F2 /* Upward_Green_Pipe.png in Resources */ = {isa = PBXBuildFile; fileRef = 38107E94195C8AB4009410F2 /* Upward_Green_Pipe.png */; };
		38107E9F195C8AB4009410F2 /* Yellow_Bird_Wing_Down.png in Resources */ = {isa = PBXBuildFile; fileRef = 38107E95195C8AB4009410F2 /* Yellow_Bird_Wing_Down.png */; };
		38107EA0195C8AB4009410F2 /* Yellow_Bird_Wing_Straight.png in Resources */ = {isa = PBXBuildFile; fileRef = 38107E96195C8AB4009410F2 /* Yellow_Bird_Wing_Straight.png */; };
		38107EA1195C8AB4009410F2 /* Yellow_Bird_Wing_Up.png in Resources */ = {isa = PBXBuildFile; fileRef = 38107E97195C8AB4009410F2 /* Yellow_Bird_Wing_Up.png */; };
		38ACC44F195C87C900A1CED9 /* Foundation.framework in Frameworks */ = {isa = PBXBuildFile; fileRef = 38ACC44E195C87C900A1CED9 /* Foundation.framework */; };
		38ACC451195C87C900A1CED9 /* CoreGraphics.framework in Frameworks */ = {isa = PBXBuildFile; fileRef = 38ACC450195C87C900A1CED9 /* CoreGraphics.framework */; };
		38ACC453195C87C900A1CED9 /* UIKit.framework in Frameworks */ = {isa = PBXBuildFile; fileRef = 38ACC452195C87C900A1CED9 /* UIKit.framework */; };
		38ACC455195C87C900A1CED9 /* SpriteKit.framework in Frameworks */ = {isa = PBXBuildFile; fileRef = 38ACC454195C87C900A1CED9 /* SpriteKit.framework */; };
		38ACC45B195C87C900A1CED9 /* InfoPlist.strings in Resources */ = {isa = PBXBuildFile; fileRef = 38ACC459195C87C900A1CED9 /* InfoPlist.strings */; };
		38ACC45D195C87C900A1CED9 /* main.m in Sources */ = {isa = PBXBuildFile; fileRef = 38ACC45C195C87C900A1CED9 /* main.m */; };
		38ACC461195C87C900A1CED9 /* AppDelegate.m in Sources */ = {isa = PBXBuildFile; fileRef = 38ACC460195C87C900A1CED9 /* AppDelegate.m */; };
		38ACC464195C87C900A1CED9 /* Main.storyboard in Resources */ = {isa = PBXBuildFile; fileRef = 38ACC462195C87C900A1CED9 /* Main.storyboard */; };
		38ACC467195C87C900A1CED9 /* ViewController.m in Sources */ = {isa = PBXBuildFile; fileRef = 38ACC466195C87C900A1CED9 /* ViewController.m */; };
		38ACC46A195C87C900A1CED9 /* MyScene.m in Sources */ = {isa = PBXBuildFile; fileRef = 38ACC469195C87C900A1CED9 /* MyScene.m */; };
		38ACC46C195C87C900A1CED9 /* Spaceship.png in Resources */ = {isa = PBXBuildFile; fileRef = 38ACC46B195C87C900A1CED9 /* Spaceship.png */; };
		38ACC46E195C87C900A1CED9 /* Images.xcassets in Resources */ = {isa = PBXBuildFile; fileRef = 38ACC46D195C87C900A1CED9 /* Images.xcassets */; };
		38ACC475195C87C900A1CED9 /* XCTest.framework in Frameworks */ = {isa = PBXBuildFile; fileRef = 38ACC474195C87C900A1CED9 /* XCTest.framework */; };
		38ACC476195C87C900A1CED9 /* Foundation.framework in Frameworks */ = {isa = PBXBuildFile; fileRef = 38ACC44E195C87C900A1CED9 /* Foundation.framework */; };
		38ACC477195C87C900A1CED9 /* UIKit.framework in Frameworks */ = {isa = PBXBuildFile; fileRef = 38ACC452195C87C900A1CED9 /* UIKit.framework */; };
		38ACC47F195C87C900A1CED9 /* InfoPlist.strings in Resources */ = {isa = PBXBuildFile; fileRef = 38ACC47D195C87C900A1CED9 /* InfoPlist.strings */; };
		38ACC481195C87C900A1CED9 /* FlappyBirdTests.m in Sources */ = {isa = PBXBuildFile; fileRef = 38ACC480195C87C900A1CED9 /* FlappyBirdTests.m */; };
/* End PBXBuildFile section */

/* Begin PBXContainerItemProxy section */
		38ACC478195C87C900A1CED9 /* PBXContainerItemProxy */ = {
			isa = PBXContainerItemProxy;
			containerPortal = 38ACC443195C87C900A1CED9 /* Project object */;
			proxyType = 1;
			remoteGlobalIDString = 38ACC44A195C87C900A1CED9;
			remoteInfo = FlappyBird;
		};
/* End PBXContainerItemProxy section */

/* Begin PBXFileReference section */
		38107E8E195C8AB4009410F2 /* Bottom_Scroller.png */ = {isa = PBXFileReference; lastKnownFileType = image.png; path = Bottom_Scroller.png; sourceTree = "<group>"; };
		38107E8F195C8AB4009410F2 /* Day_Background.png */ = {isa = PBXFileReference; lastKnownFileType = image.png; path = Day_Background.png; sourceTree = "<group>"; };
		38107E90195C8AB4009410F2 /* Downward_Green_Pipe.png */ = {isa = PBXFileReference; lastKnownFileType = image.png; path = Downward_Green_Pipe.png; sourceTree = "<group>"; };
		38107E91195C8AB4009410F2 /* Game_Over.png */ = {isa = PBXFileReference; lastKnownFileType = image.png; path = Game_Over.png; sourceTree = "<group>"; };
		38107E92195C8AB4009410F2 /* Night_Background.png */ = {isa = PBXFileReference; lastKnownFileType = image.png; path = Night_Background.png; sourceTree = "<group>"; };
		38107E93195C8AB4009410F2 /* Play_Button.png */ = {isa = PBXFileReference; lastKnownFileType = image.png; path = Play_Button.png; sourceTree = "<group>"; };
		38107E94195C8AB4009410F2 /* Upward_Green_Pipe.png */ = {isa = PBXFileReference; lastKnownFileType = image.png; path = Upward_Green_Pipe.png; sourceTree = "<group>"; };
		38107E95195C8AB4009410F2 /* Yellow_Bird_Wing_Down.png */ = {isa = PBXFileReference; lastKnownFileType = image.png; path = Yellow_Bird_Wing_Down.png; sourceTree = "<group>"; };
		38107E96195C8AB4009410F2 /* Yellow_Bird_Wing_Straight.png */ = {isa = PBXFileReference; lastKnownFileType = image.png; path = Yellow_Bird_Wing_Straight.png; sourceTree = "<group>"; };
		38107E97195C8AB4009410F2 /* Yellow_Bird_Wing_Up.png */ = {isa = PBXFileReference; lastKnownFileType = image.png; path = Yellow_Bird_Wing_Up.png; sourceTree = "<group>"; };
		38ACC44B195C87C900A1CED9 /* FlappyBird.app */ = {isa = PBXFileReference; explicitFileType = wrapper.application; includeInIndex = 0; path = FlappyBird.app; sourceTree = BUILT_PRODUCTS_DIR; };
		38ACC44E195C87C900A1CED9 /* Foundation.framework */ = {isa = PBXFileReference; lastKnownFileType = wrapper.framework; name = Foundation.framework; path = System/Library/Frameworks/Foundation.framework; sourceTree = SDKROOT; };
		38ACC450195C87C900A1CED9 /* CoreGraphics.framework */ = {isa = PBXFileReference; lastKnownFileType = wrapper.framework; name = CoreGraphics.framework; path = System/Library/Frameworks/CoreGraphics.framework; sourceTree = SDKROOT; };
		38ACC452195C87C900A1CED9 /* UIKit.framework */ = {isa = PBXFileReference; lastKnownFileType = wrapper.framework; name = UIKit.framework; path = System/Library/Frameworks/UIKit.framework; sourceTree = SDKROOT; };
		38ACC454195C87C900A1CED9 /* SpriteKit.framework */ = {isa = PBXFileReference; lastKnownFileType = wrapper.framework; name = SpriteKit.framework; path = System/Library/Frameworks/SpriteKit.framework; sourceTree = SDKROOT; };
		38ACC458195C87C900A1CED9 /* FlappyBird-Info.plist */ = {isa = PBXFileReference; lastKnownFileType = text.plist.xml; path = "FlappyBird-Info.plist"; sourceTree = "<group>"; };
		38ACC45A195C87C900A1CED9 /* en */ = {isa = PBXFileReference; lastKnownFileType = text.plist.strings; name = en; path = en.lproj/InfoPlist.strings; sourceTree = "<group>"; };
		38ACC45C195C87C900A1CED9 /* main.m */ = {isa = PBXFileReference; lastKnownFileType = sourcecode.c.objc; path = main.m; sourceTree = "<group>"; };
		38ACC45E195C87C900A1CED9 /* FlappyBird-Prefix.pch */ = {isa = PBXFileReference; lastKnownFileType = sourcecode.c.h; path = "FlappyBird-Prefix.pch"; sourceTree = "<group>"; };
		38ACC45F195C87C900A1CED9 /* AppDelegate.h */ = {isa = PBXFileReference; lastKnownFileType = sourcecode.c.h; path = AppDelegate.h; sourceTree = "<group>"; };
		38ACC460195C87C900A1CED9 /* AppDelegate.m */ = {isa = PBXFileReference; lastKnownFileType = sourcecode.c.objc; path = AppDelegate.m; sourceTree = "<group>"; };
		38ACC463195C87C900A1CED9 /* Base */ = {isa = PBXFileReference; lastKnownFileType = file.storyboard; name = Base; path = Base.lproj/Main.storyboard; sourceTree = "<group>"; };
		38ACC465195C87C900A1CED9 /* ViewController.h */ = {isa = PBXFileReference; lastKnownFileType = sourcecode.c.h; path = ViewController.h; sourceTree = "<group>"; };
		38ACC466195C87C900A1CED9 /* ViewController.m */ = {isa = PBXFileReference; lastKnownFileType = sourcecode.c.objc; path = ViewController.m; sourceTree = "<group>"; };
		38ACC468195C87C900A1CED9 /* MyScene.h */ = {isa = PBXFileReference; lastKnownFileType = sourcecode.c.h; path = MyScene.h; sourceTree = "<group>"; };
		38ACC469195C87C900A1CED9 /* MyScene.m */ = {isa = PBXFileReference; lastKnownFileType = sourcecode.c.objc; path = MyScene.m; sourceTree = "<group>"; };
		38ACC46B195C87C900A1CED9 /* Spaceship.png */ = {isa = PBXFileReference; lastKnownFileType = image.png; path = Spaceship.png; sourceTree = "<group>"; };
		38ACC46D195C87C900A1CED9 /* Images.xcassets */ = {isa = PBXFileReference; lastKnownFileType = folder.assetcatalog; path = Images.xcassets; sourceTree = "<group>"; };
		38ACC473195C87C900A1CED9 /* FlappyBirdTests.xctest */ = {isa = PBXFileReference; explicitFileType = wrapper.cfbundle; includeInIndex = 0; path = FlappyBirdTests.xctest; sourceTree = BUILT_PRODUCTS_DIR; };
		38ACC474195C87C900A1CED9 /* XCTest.framework */ = {isa = PBXFileReference; lastKnownFileType = wrapper.framework; name = XCTest.framework; path = Library/Frameworks/XCTest.framework; sourceTree = DEVELOPER_DIR; };
		38ACC47C195C87C900A1CED9 /* FlappyBirdTests-Info.plist */ = {isa = PBXFileReference; lastKnownFileType = text.plist.xml; path = "FlappyBirdTests-Info.plist"; sourceTree = "<group>"; };
		38ACC47E195C87C900A1CED9 /* en */ = {isa = PBXFileReference; lastKnownFileType = text.plist.strings; name = en; path = en.lproj/InfoPlist.strings; sourceTree = "<group>"; };
		38ACC480195C87C900A1CED9 /* FlappyBirdTests.m */ = {isa = PBXFileReference; lastKnownFileType = sourcecode.c.objc; path = FlappyBirdTests.m; sourceTree = "<group>"; };
/* End PBXFileReference section */

/* Begin PBXFrameworksBuildPhase section */
		38ACC448195C87C900A1CED9 /* Frameworks */ = {
			isa = PBXFrameworksBuildPhase;
			buildActionMask = 2147483647;
			files = (
				38ACC451195C87C900A1CED9 /* CoreGraphics.framework in Frameworks */,
				38ACC453195C87C900A1CED9 /* UIKit.framework in Frameworks */,
				38ACC455195C87C900A1CED9 /* SpriteKit.framework in Frameworks */,
				38ACC44F195C87C900A1CED9 /* Foundation.framework in Frameworks */,
			);
			runOnlyForDeploymentPostprocessing = 0;
		};
		38ACC470195C87C900A1CED9 /* Frameworks */ = {
			isa = PBXFrameworksBuildPhase;
			buildActionMask = 2147483647;
			files = (
				38ACC475195C87C900A1CED9 /* XCTest.framework in Frameworks */,
				38ACC477195C87C900A1CED9 /* UIKit.framework in Frameworks */,
				38ACC476195C87C900A1CED9 /* Foundation.framework in Frameworks */,
			);
			runOnlyForDeploymentPostprocessing = 0;
		};
/* End PBXFrameworksBuildPhase section */

/* Begin PBXGroup section */
		38107E8D195C8AB4009410F2 /* Images */ = {
			isa = PBXGroup;
			children = (
				38107E8E195C8AB4009410F2 /* Bottom_Scroller.png */,
				38107E8F195C8AB4009410F2 /* Day_Background.png */,
				38107E90195C8AB4009410F2 /* Downward_Green_Pipe.png */,
				38107E91195C8AB4009410F2 /* Game_Over.png */,
				38107E92195C8AB4009410F2 /* Night_Background.png */,
				38107E93195C8AB4009410F2 /* Play_Button.png */,
				38107E94195C8AB4009410F2 /* Upward_Green_Pipe.png */,
				38107E95195C8AB4009410F2 /* Yellow_Bird_Wing_Down.png */,
				38107E96195C8AB4009410F2 /* Yellow_Bird_Wing_Straight.png */,
				38107E97195C8AB4009410F2 /* Yellow_Bird_Wing_Up.png */,
			);
			path = Images;
			sourceTree = "<group>";
		};
		38ACC442195C87C900A1CED9 = {
			isa = PBXGroup;
			children = (
				38ACC456195C87C900A1CED9 /* FlappyBird */,
				38ACC47A195C87C900A1CED9 /* FlappyBirdTests */,
				38ACC44D195C87C900A1CED9 /* Frameworks */,
				38ACC44C195C87C900A1CED9 /* Products */,
			);
			sourceTree = "<group>";
		};
		38ACC44C195C87C900A1CED9 /* Products */ = {
			isa = PBXGroup;
			children = (
				38ACC44B195C87C900A1CED9 /* FlappyBird.app */,
				38ACC473195C87C900A1CED9 /* FlappyBirdTests.xctest */,
			);
			name = Products;
			sourceTree = "<group>";
		};
		38ACC44D195C87C900A1CED9 /* Frameworks */ = {
			isa = PBXGroup;
			children = (
				38ACC44E195C87C900A1CED9 /* Foundation.framework */,
				38ACC450195C87C900A1CED9 /* CoreGraphics.framework */,
				38ACC452195C87C900A1CED9 /* UIKit.framework */,
				38ACC454195C87C900A1CED9 /* SpriteKit.framework */,
				38ACC474195C87C900A1CED9 /* XCTest.framework */,
			);
			name = Frameworks;
			sourceTree = "<group>";
		};
		38ACC456195C87C900A1CED9 /* FlappyBird */ = {
			isa = PBXGroup;
			children = (
				38107E8D195C8AB4009410F2 /* Images */,
				38ACC45F195C87C900A1CED9 /* AppDelegate.h */,
				38ACC460195C87C900A1CED9 /* AppDelegate.m */,
				38ACC462195C87C900A1CED9 /* Main.storyboard */,
				38ACC465195C87C900A1CED9 /* ViewController.h */,
				38ACC466195C87C900A1CED9 /* ViewController.m */,
				38ACC468195C87C900A1CED9 /* MyScene.h */,
				38ACC469195C87C900A1CED9 /* MyScene.m */,
				38ACC46B195C87C900A1CED9 /* Spaceship.png */,
				38ACC46D195C87C900A1CED9 /* Images.xcassets */,
				38ACC457195C87C900A1CED9 /* Supporting Files */,
			);
			path = FlappyBird;
			sourceTree = "<group>";
		};
		38ACC457195C87C900A1CED9 /* Supporting Files */ = {
			isa = PBXGroup;
			children = (
				38ACC458195C87C900A1CED9 /* FlappyBird-Info.plist */,
				38ACC459195C87C900A1CED9 /* InfoPlist.strings */,
				38ACC45C195C87C900A1CED9 /* main.m */,
				38ACC45E195C87C900A1CED9 /* FlappyBird-Prefix.pch */,
			);
			name = "Supporting Files";
			sourceTree = "<group>";
		};
		38ACC47A195C87C900A1CED9 /* FlappyBirdTests */ = {
			isa = PBXGroup;
			children = (
				38ACC480195C87C900A1CED9 /* FlappyBirdTests.m */,
				38ACC47B195C87C900A1CED9 /* Supporting Files */,
			);
			path = FlappyBirdTests;
			sourceTree = "<group>";
		};
		38ACC47B195C87C900A1CED9 /* Supporting Files */ = {
			isa = PBXGroup;
			children = (
				38ACC47C195C87C900A1CED9 /* FlappyBirdTests-Info.plist */,
				38ACC47D195C87C900A1CED9 /* InfoPlist.strings */,
			);
			name = "Supporting Files";
			sourceTree = "<group>";
		};
/* End PBXGroup section */

/* Begin PBXNativeTarget section */
		38ACC44A195C87C900A1CED9 /* FlappyBird */ = {
			isa = PBXNativeTarget;
			buildConfigurationList = 38ACC484195C87C900A1CED9 /* Build configuration list for PBXNativeTarget "FlappyBird" */;
			buildPhases = (
				38ACC447195C87C900A1CED9 /* Sources */,
				38ACC448195C87C900A1CED9 /* Frameworks */,
				38ACC449195C87C900A1CED9 /* Resources */,
			);
			buildRules = (
			);
			dependencies = (
			);
			name = FlappyBird;
			productName = FlappyBird;
			productReference = 38ACC44B195C87C900A1CED9 /* FlappyBird.app */;
			productType = "com.apple.product-type.application";
		};
		38ACC472195C87C900A1CED9 /* FlappyBirdTests */ = {
			isa = PBXNativeTarget;
			buildConfigurationList = 38ACC487195C87C900A1CED9 /* Build configuration list for PBXNativeTarget "FlappyBirdTests" */;
			buildPhases = (
				38ACC46F195C87C900A1CED9 /* Sources */,
				38ACC470195C87C900A1CED9 /* Frameworks */,
				38ACC471195C87C900A1CED9 /* Resources */,
			);
			buildRules = (
			);
			dependencies = (
				38ACC479195C87C900A1CED9 /* PBXTargetDependency */,
			);
			name = FlappyBirdTests;
			productName = FlappyBirdTests;
			productReference = 38ACC473195C87C900A1CED9 /* FlappyBirdTests.xctest */;
			productType = "com.apple.product-type.bundle.unit-test";
		};
/* End PBXNativeTarget section */

/* Begin PBXProject section */
		38ACC443195C87C900A1CED9 /* Project object */ = {
			isa = PBXProject;
			attributes = {
				LastUpgradeCheck = 0500;
				ORGANIZATIONNAME = "Akash Shinde";
				TargetAttributes = {
					38ACC472195C87C900A1CED9 = {
						TestTargetID = 38ACC44A195C87C900A1CED9;
					};
				};
			};
			buildConfigurationList = 38ACC446195C87C900A1CED9 /* Build configuration list for PBXProject "FlappyBird" */;
			compatibilityVersion = "Xcode 3.2";
			developmentRegion = English;
			hasScannedForEncodings = 0;
			knownRegions = (
				en,
				Base,
			);
			mainGroup = 38ACC442195C87C900A1CED9;
			productRefGroup = 38ACC44C195C87C900A1CED9 /* Products */;
			projectDirPath = "";
			projectRoot = "";
			targets = (
				38ACC44A195C87C900A1CED9 /* FlappyBird */,
				38ACC472195C87C900A1CED9 /* FlappyBirdTests */,
			);
		};
/* End PBXProject section */

/* Begin PBXResourcesBuildPhase section */
		38ACC449195C87C900A1CED9 /* Resources */ = {
			isa = PBXResourcesBuildPhase;
			buildActionMask = 2147483647;
			files = (
				38107E9C195C8AB4009410F2 /* Night_Background.png in Resources */,
				38107E9D195C8AB4009410F2 /* Play_Button.png in Resources */,
				38107E99195C8AB4009410F2 /* Day_Background.png in Resources */,
				38107E9A195C8AB4009410F2 /* Downward_Green_Pipe.png in Resources */,
				38ACC45B195C87C900A1CED9 /* InfoPlist.strings in Resources */,
				38ACC46E195C87C900A1CED9 /* Images.xcassets in Resources */,
				38107EA1195C8AB4009410F2 /* Yellow_Bird_Wing_Up.png in Resources */,
				38ACC46C195C87C900A1CED9 /* Spaceship.png in Resources */,
				38107E9B195C8AB4009410F2 /* Game_Over.png in Resources */,
				38ACC464195C87C900A1CED9 /* Main.storyboard in Resources */,
				38107EA0195C8AB4009410F2 /* Yellow_Bird_Wing_Straight.png in Resources */,
				38107E9E195C8AB4009410F2 /* Upward_Green_Pipe.png in Resources */,
				38107E98195C8AB4009410F2 /* Bottom_Scroller.png in Resources */,
				38107E9F195C8AB4009410F2 /* Yellow_Bird_Wing_Down.png in Resources */,
			);
			runOnlyForDeploymentPostprocessing = 0;
		};
		38ACC471195C87C900A1CED9 /* Resources */ = {
			isa = PBXResourcesBuildPhase;
			buildActionMask = 2147483647;
			files = (
				38ACC47F195C87C900A1CED9 /* InfoPlist.strings in Resources */,
			);
			runOnlyForDeploymentPostprocessing = 0;
		};
/* End PBXResourcesBuildPhase section */

/* Begin PBXSourcesBuildPhase section */
		38ACC447195C87C900A1CED9 /* Sources */ = {
			isa = PBXSourcesBuildPhase;
			buildActionMask = 2147483647;
			files = (
				38ACC46A195C87C900A1CED9 /* MyScene.m in Sources */,
				38ACC467195C87C900A1CED9 /* ViewController.m in Sources */,
				38ACC461195C87C900A1CED9 /* AppDelegate.m in Sources */,
				38ACC45D195C87C900A1CED9 /* main.m in Sources */,
			);
			runOnlyForDeploymentPostprocessing = 0;
		};
		38ACC46F195C87C900A1CED9 /* Sources */ = {
			isa = PBXSourcesBuildPhase;
			buildActionMask = 2147483647;
			files = (
				38ACC481195C87C900A1CED9 /* FlappyBirdTests.m in Sources */,
			);
			runOnlyForDeploymentPostprocessing = 0;
		};
/* End PBXSourcesBuildPhase section */

/* Begin PBXTargetDependency section */
		38ACC479195C87C900A1CED9 /* PBXTargetDependency */ = {
			isa = PBXTargetDependency;
			target = 38ACC44A195C87C900A1CED9 /* FlappyBird */;
			targetProxy = 38ACC478195C87C900A1CED9 /* PBXContainerItemProxy */;
		};
/* End PBXTargetDependency section */

/* Begin PBXVariantGroup section */
		38ACC459195C87C900A1CED9 /* InfoPlist.strings */ = {
			isa = PBXVariantGroup;
			children = (
				38ACC45A195C87C900A1CED9 /* en */,
			);
			name = InfoPlist.strings;
			sourceTree = "<group>";
		};
		38ACC462195C87C900A1CED9 /* Main.storyboard */ = {
			isa = PBXVariantGroup;
			children = (
				38ACC463195C87C900A1CED9 /* Base */,
			);
			name = Main.storyboard;
			sourceTree = "<group>";
		};
		38ACC47D195C87C900A1CED9 /* InfoPlist.strings */ = {
			isa = PBXVariantGroup;
			children = (
				38ACC47E195C87C900A1CED9 /* en */,
			);
			name = InfoPlist.strings;
			sourceTree = "<group>";
		};
/* End PBXVariantGroup section */

/* Begin XCBuildConfiguration section */
		38ACC482195C87C900A1CED9 /* Debug */ = {
			isa = XCBuildConfiguration;
			buildSettings = {
				ALWAYS_SEARCH_USER_PATHS = NO;
				ARCHS = "$(ARCHS_STANDARD_INCLUDING_64_BIT)";
				CLANG_CXX_LANGUAGE_STANDARD = "gnu++0x";
				CLANG_CXX_LIBRARY = "libc++";
				CLANG_ENABLE_MODULES = YES;
				CLANG_ENABLE_OBJC_ARC = YES;
				CLANG_WARN_BOOL_CONVERSION = YES;
				CLANG_WARN_CONSTANT_CONVERSION = YES;
				CLANG_WARN_DIRECT_OBJC_ISA_USAGE = YES_ERROR;
				CLANG_WARN_EMPTY_BODY = YES;
				CLANG_WARN_ENUM_CONVERSION = YES;
				CLANG_WARN_INT_CONVERSION = YES;
				CLANG_WARN_OBJC_ROOT_CLASS = YES_ERROR;
				CLANG_WARN__DUPLICATE_METHOD_MATCH = YES;
				"CODE_SIGN_IDENTITY[sdk=iphoneos*]" = "iPhone Developer";
				COPY_PHASE_STRIP = NO;
				GCC_C_LANGUAGE_STANDARD = gnu99;
				GCC_DYNAMIC_NO_PIC = NO;
				GCC_OPTIMIZATION_LEVEL = 0;
				GCC_PREPROCESSOR_DEFINITIONS = (
					"DEBUG=1",
					"$(inherited)",
				);
				GCC_SYMBOLS_PRIVATE_EXTERN = NO;
				GCC_WARN_64_TO_32_BIT_CONVERSION = YES;
				GCC_WARN_ABOUT_RETURN_TYPE = YES_ERROR;
				GCC_WARN_UNDECLARED_SELECTOR = YES;
				GCC_WARN_UNINITIALIZED_AUTOS = YES;
				GCC_WARN_UNUSED_FUNCTION = YES;
				GCC_WARN_UNUSED_VARIABLE = YES;
				IPHONEOS_DEPLOYMENT_TARGET = 7.0;
				ONLY_ACTIVE_ARCH = YES;
				SDKROOT = iphoneos;
			};
			name = Debug;
		};
		38ACC483195C87C900A1CED9 /* Release */ = {
			isa = XCBuildConfiguration;
			buildSettings = {
				ALWAYS_SEARCH_USER_PATHS = NO;
				ARCHS = "$(ARCHS_STANDARD_INCLUDING_64_BIT)";
				CLANG_CXX_LANGUAGE_STANDARD = "gnu++0x";
				CLANG_CXX_LIBRARY = "libc++";
				CLANG_ENABLE_MODULES = YES;
				CLANG_ENABLE_OBJC_ARC = YES;
				CLANG_WARN_BOOL_CONVERSION = YES;
				CLANG_WARN_CONSTANT_CONVERSION = YES;
				CLANG_WARN_DIRECT_OBJC_ISA_USAGE = YES_ERROR;
				CLANG_WARN_EMPTY_BODY = YES;
				CLANG_WARN_ENUM_CONVERSION = YES;
				CLANG_WARN_INT_CONVERSION = YES;
				CLANG_WARN_OBJC_ROOT_CLASS = YES_ERROR;
				CLANG_WARN__DUPLICATE_METHOD_MATCH = YES;
				"CODE_SIGN_IDENTITY[sdk=iphoneos*]" = "iPhone Developer";
				COPY_PHASE_STRIP = YES;
				ENABLE_NS_ASSERTIONS = NO;
				GCC_C_LANGUAGE_STANDARD = gnu99;
				GCC_WARN_64_TO_32_BIT_CONVERSION = YES;
				GCC_WARN_ABOUT_RETURN_TYPE = YES_ERROR;
				GCC_WARN_UNDECLARED_SELECTOR = YES;
				GCC_WARN_UNINITIALIZED_AUTOS = YES;
				GCC_WARN_UNUSED_FUNCTION = YES;
				GCC_WARN_UNUSED_VARIABLE = YES;
				IPHONEOS_DEPLOYMENT_TARGET = 7.0;
				SDKROOT = iphoneos;
				VALIDATE_PRODUCT = YES;
			};
			name = Release;
		};
		38ACC485195C87C900A1CED9 /* Debug */ = {
			isa = XCBuildConfiguration;
			buildSettings = {
				ASSETCATALOG_COMPILER_APPICON_NAME = AppIcon;
				ASSETCATALOG_COMPILER_LAUNCHIMAGE_NAME = LaunchImage;
				GCC_PRECOMPILE_PREFIX_HEADER = YES;
				GCC_PREFIX_HEADER = "FlappyBird/FlappyBird-Prefix.pch";
				INFOPLIST_FILE = "FlappyBird/FlappyBird-Info.plist";
				PRODUCT_NAME = "$(TARGET_NAME)";
				SPRITEKIT_TEXTURE_ATLAS_OUTPUT = YES;
				WRAPPER_EXTENSION = app;
			};
			name = Debug;
		};
		38ACC486195C87C900A1CED9 /* Release */ = {
			isa = XCBuildConfiguration;
			buildSettings = {
				ASSETCATALOG_COMPILER_APPICON_NAME = AppIcon;
				ASSETCATALOG_COMPILER_LAUNCHIMAGE_NAME = LaunchImage;
				GCC_PRECOMPILE_PREFIX_HEADER = YES;
				GCC_PREFIX_HEADER = "FlappyBird/FlappyBird-Prefix.pch";
				INFOPLIST_FILE = "FlappyBird/FlappyBird-Info.plist";
				PRODUCT_NAME = "$(TARGET_NAME)";
				SPRITEKIT_TEXTURE_ATLAS_OUTPUT = YES;
				WRAPPER_EXTENSION = app;
			};
			name = Release;
		};
		38ACC488195C87C900A1CED9 /* Debug */ = {
			isa = XCBuildConfiguration;
			buildSettings = {
				ARCHS = "$(ARCHS_STANDARD_INCLUDING_64_BIT)";
				BUNDLE_LOADER = "$(BUILT_PRODUCTS_DIR)/FlappyBird.app/FlappyBird";
				FRAMEWORK_SEARCH_PATHS = (
					"$(SDKROOT)/Developer/Library/Frameworks",
					"$(inherited)",
					"$(DEVELOPER_FRAMEWORKS_DIR)",
				);
				GCC_PRECOMPILE_PREFIX_HEADER = YES;
				GCC_PREFIX_HEADER = "FlappyBird/FlappyBird-Prefix.pch";
				GCC_PREPROCESSOR_DEFINITIONS = (
					"DEBUG=1",
					"$(inherited)",
				);
				INFOPLIST_FILE = "FlappyBirdTests/FlappyBirdTests-Info.plist";
				PRODUCT_NAME = "$(TARGET_NAME)";
				TEST_HOST = "$(BUNDLE_LOADER)";
				WRAPPER_EXTENSION = xctest;
			};
			name = Debug;
		};
		38ACC489195C87C900A1CED9 /* Release */ = {
			isa = XCBuildConfiguration;
			buildSettings = {
				ARCHS = "$(ARCHS_STANDARD_INCLUDING_64_BIT)";
				BUNDLE_LOADER = "$(BUILT_PRODUCTS_DIR)/FlappyBird.app/FlappyBird";
				FRAMEWORK_SEARCH_PATHS = (
					"$(SDKROOT)/Developer/Library/Frameworks",
					"$(inherited)",
					"$(DEVELOPER_FRAMEWORKS_DIR)",
				);
				GCC_PRECOMPILE_PREFIX_HEADER = YES;
				GCC_PREFIX_HEADER = "FlappyBird/FlappyBird-Prefix.pch";
				INFOPLIST_FILE = "FlappyBirdTests/FlappyBirdTests-Info.plist";
				PRODUCT_NAME = "$(TARGET_NAME)";
				TEST_HOST = "$(BUNDLE_LOADER)";
				WRAPPER_EXTENSION = xctest;
			};
			name = Release;
		};
/* End XCBuildConfiguration section */

/* Begin XCConfigurationList section */
		38ACC446195C87C900A1CED9 /* Build configuration list for PBXProject "FlappyBird" */ = {
			isa = XCConfigurationList;
			buildConfigurations = (
				38ACC482195C87C900A1CED9 /* Debug */,
				38ACC483195C87C900A1CED9 /* Release */,
			);
			defaultConfigurationIsVisible = 0;
			defaultConfigurationName = Release;
		};
		38ACC484195C87C900A1CED9 /* Build configuration list for PBXNativeTarget "FlappyBird" */ = {
			isa = XCConfigurationList;
			buildConfigurations = (
				38ACC485195C87C900A1CED9 /* Debug */,
				38ACC486195C87C900A1CED9 /* Release */,
			);
			defaultConfigurationIsVisible = 0;
			defaultConfigurationName = Release;
		};
		38ACC487195C87C900A1CED9 /* Build configuration list for PBXNativeTarget "FlappyBirdTests" */ = {
			isa = XCConfigurationList;
			buildConfigurations = (
				38ACC488195C87C900A1CED9 /* Debug */,
				38ACC489195C87C900A1CED9 /* Release */,
			);
			defaultConfigurationIsVisible = 0;
			defaultConfigurationName = Release;
		};
/* End XCConfigurationList section */
	};
	rootObject = 38ACC443195C87C900A1CED9 /* Project object */;
}
